
Microsoft Visual Studio Solution File, Format Version 12.00
Project("{FAE04EC0-301F-11D3-BF4B-00C04F79EFBC}") = "AGOT-Tool", "AGOT-Tool.csproj", "{BE6DDB27-936B-4E45-B06B-7081604E916B}"
EndProject
Global
	GlobalSection(SolutionConfigurationPlatforms) = preSolution
		Debug|Any CPU = Debug|Any CPU
		Release|Any CPU = Release|Any CPU
	EndGlobalSection
	GlobalSection(ProjectConfigurationPlatforms) = postSolution
		{BE6DDB27-936B-4E45-B06B-7081604E916B}.Debug|Any CPU.ActiveCfg = Debug|Any CPU
		{BE6DDB27-936B-4E45-B06B-7081604E916B}.Debug|Any CPU.Build.0 = Debug|Any CPU
		{BE6DDB27-936B-4E45-B06B-7081604E916B}.Release|Any CPU.ActiveCfg = Release|Any CPU
		{BE6DDB27-936B-4E45-B06B-7081604E916B}.Release|Any CPU.Build.0 = Release|Any CPU
		{BE6DDB27-936B-4E45-B06B-7081604E916B}.Release|Any CPU.Deploy.0 = Release|Any CPU
	EndGlobalSection
EndGlobal
